// !$*UTF8*$!
{
	archiveVersion = 1;
	classes = {
	};
	objectVersion = 55;
	objects = {

/* Begin PBXBuildFile section */
		768200F027BB389000ED642F /* AppDelegate.swift in Sources */ = {isa = PBXBuildFile; fileRef = 768200EF27BB389000ED642F /* AppDelegate.swift */; };
		768200F227BB389000ED642F /* SceneDelegate.swift in Sources */ = {isa = PBXBuildFile; fileRef = 768200F127BB389000ED642F /* SceneDelegate.swift */; };
		768200F427BB389000ED642F /* ViewController.swift in Sources */ = {isa = PBXBuildFile; fileRef = 768200F327BB389000ED642F /* ViewController.swift */; };
		768200F727BB389000ED642F /* Main.storyboard in Resources */ = {isa = PBXBuildFile; fileRef = 768200F527BB389000ED642F /* Main.storyboard */; };
		768200F927BB389400ED642F /* Assets.xcassets in Resources */ = {isa = PBXBuildFile; fileRef = 768200F827BB389400ED642F /* Assets.xcassets */; };
		768200FC27BB389400ED642F /* LaunchScreen.storyboard in Resources */ = {isa = PBXBuildFile; fileRef = 768200FA27BB389400ED642F /* LaunchScreen.storyboard */; };
		7682010727BB389400ED642F /* HsegmentViewTests.swift in Sources */ = {isa = PBXBuildFile; fileRef = 7682010627BB389400ED642F /* HsegmentViewTests.swift */; };
		7682011127BB389500ED642F /* HsegmentViewUITests.swift in Sources */ = {isa = PBXBuildFile; fileRef = 7682011027BB389500ED642F /* HsegmentViewUITests.swift */; };
		7682011327BB389500ED642F /* HsegmentViewUITestsLaunchTests.swift in Sources */ = {isa = PBXBuildFile; fileRef = 7682011227BB389500ED642F /* HsegmentViewUITestsLaunchTests.swift */; };
		7682012027BB38D000ED642F /* HsegmentView.swift in Sources */ = {isa = PBXBuildFile; fileRef = 7682011F27BB38D000ED642F /* HsegmentView.swift */; };
/* End PBXBuildFile section */

/* Begin PBXContainerItemProxy section */
		7682010327BB389400ED642F /* PBXContainerItemProxy */ = {
			isa = PBXContainerItemProxy;
			containerPortal = 768200E427BB389000ED642F /* Project object */;
			proxyType = 1;
			remoteGlobalIDString = 768200EB27BB389000ED642F;
			remoteInfo = HsegmentView;
		};
		7682010D27BB389500ED642F /* PBXContainerItemProxy */ = {
			isa = PBXContainerItemProxy;
			containerPortal = 768200E427BB389000ED642F /* Project object */;
			proxyType = 1;
			remoteGlobalIDString = 768200EB27BB389000ED642F;
			remoteInfo = HsegmentView;
		};
/* End PBXContainerItemProxy section */

/* Begin PBXFileReference section */
		768200EC27BB389000ED642F /* HsegmentView.app */ = {isa = PBXFileReference; explicitFileType = wrapper.application; includeInIndex = 0; path = HsegmentView.app; sourceTree = BUILT_PRODUCTS_DIR; };
		768200EF27BB389000ED642F /* AppDelegate.swift */ = {isa = PBXFileReference; lastKnownFileType = sourcecode.swift; path = AppDelegate.swift; sourceTree = "<group>"; };
		768200F127BB389000ED642F /* SceneDelegate.swift */ = {isa = PBXFileReference; lastKnownFileType = sourcecode.swift; path = SceneDelegate.swift; sourceTree = "<group>"; };
		768200F327BB389000ED642F /* ViewController.swift */ = {isa = PBXFileReference; lastKnownFileType = sourcecode.swift; path = ViewController.swift; sourceTree = "<group>"; };
		768200F627BB389000ED642F /* Base */ = {isa = PBXFileReference; lastKnownFileType = file.storyboard; name = Base; path = Base.lproj/Main.storyboard; sourceTree = "<group>"; };
		768200F827BB389400ED642F /* Assets.xcassets */ = {isa = PBXFileReference; lastKnownFileType = folder.assetcatalog; path = Assets.xcassets; sourceTree = "<group>"; };
		768200FB27BB389400ED642F /* Base */ = {isa = PBXFileReference; lastKnownFileType = file.storyboard; name = Base; path = Base.lproj/LaunchScreen.storyboard; sourceTree = "<group>"; };
		768200FD27BB389400ED642F /* Info.plist */ = {isa = PBXFileReference; lastKnownFileType = text.plist.xml; path = Info.plist; sourceTree = "<group>"; };
		7682010227BB389400ED642F /* HsegmentViewTests.xctest */ = {isa = PBXFileReference; explicitFileType = wrapper.cfbundle; includeInIndex = 0; path = HsegmentViewTests.xctest; sourceTree = BUILT_PRODUCTS_DIR; };
		7682010627BB389400ED642F /* HsegmentViewTests.swift */ = {isa = PBXFileReference; lastKnownFileType = sourcecode.swift; path = HsegmentViewTests.swift; sourceTree = "<group>"; };
		7682010C27BB389500ED642F /* HsegmentViewUITests.xctest */ = {isa = PBXFileReference; explicitFileType = wrapper.cfbundle; includeInIndex = 0; path = HsegmentViewUITests.xctest; sourceTree = BUILT_PRODUCTS_DIR; };
		7682011027BB389500ED642F /* HsegmentViewUITests.swift */ = {isa = PBXFileReference; lastKnownFileType = sourcecode.swift; path = HsegmentViewUITests.swift; sourceTree = "<group>"; };
		7682011227BB389500ED642F /* HsegmentViewUITestsLaunchTests.swift */ = {isa = PBXFileReference; lastKnownFileType = sourcecode.swift; path = HsegmentViewUITestsLaunchTests.swift; sourceTree = "<group>"; };
		7682011F27BB38D000ED642F /* HsegmentView.swift */ = {isa = PBXFileReference; fileEncoding = 4; lastKnownFileType = sourcecode.swift; path = HsegmentView.swift; sourceTree = "<group>"; };
/* End PBXFileReference section */

/* Begin PBXFrameworksBuildPhase section */
		768200E927BB389000ED642F /* Frameworks */ = {
			isa = PBXFrameworksBuildPhase;
			buildActionMask = 2147483647;
			files = (
			);
			runOnlyForDeploymentPostprocessing = 0;
		};
		768200FF27BB389400ED642F /* Frameworks */ = {
			isa = PBXFrameworksBuildPhase;
			buildActionMask = 2147483647;
			files = (
			);
			runOnlyForDeploymentPostprocessing = 0;
		};
		7682010927BB389500ED642F /* Frameworks */ = {
			isa = PBXFrameworksBuildPhase;
			buildActionMask = 2147483647;
			files = (
			);
			runOnlyForDeploymentPostprocessing = 0;
		};
/* End PBXFrameworksBuildPhase section */

/* Begin PBXGroup section */
		768200E327BB389000ED642F = {
			isa = PBXGroup;
			children = (
				768200EE27BB389000ED642F /* HsegmentView */,
				7682010527BB389400ED642F /* HsegmentViewTests */,
				7682010F27BB389500ED642F /* HsegmentViewUITests */,
				768200ED27BB389000ED642F /* Products */,
			);
			sourceTree = "<group>";
		};
		768200ED27BB389000ED642F /* Products */ = {
			isa = PBXGroup;
			children = (
				768200EC27BB389000ED642F /* HsegmentView.app */,
				7682010227BB389400ED642F /* HsegmentViewTests.xctest */,
				7682010C27BB389500ED642F /* HsegmentViewUITests.xctest */,
			);
			name = Products;
			sourceTree = "<group>";
		};
		768200EE27BB389000ED642F /* HsegmentView */ = {
			isa = PBXGroup;
			children = (
				768200EF27BB389000ED642F /* AppDelegate.swift */,
				768200F127BB389000ED642F /* SceneDelegate.swift */,
				768200F327BB389000ED642F /* ViewController.swift */,
				7682011F27BB38D000ED642F /* HsegmentView.swift */,
				768200F527BB389000ED642F /* Main.storyboard */,
				768200F827BB389400ED642F /* Assets.xcassets */,
				768200FA27BB389400ED642F /* LaunchScreen.storyboard */,
				768200FD27BB389400ED642F /* Info.plist */,
			);
			path = HsegmentView;
			sourceTree = "<group>";
		};
		7682010527BB389400ED642F /* HsegmentViewTests */ = {
			isa = PBXGroup;
			children = (
				7682010627BB389400ED642F /* HsegmentViewTests.swift */,
			);
			path = HsegmentViewTests;
			sourceTree = "<group>";
		};
		7682010F27BB389500ED642F /* HsegmentViewUITests */ = {
			isa = PBXGroup;
			children = (
				7682011027BB389500ED642F /* HsegmentViewUITests.swift */,
				7682011227BB389500ED642F /* HsegmentViewUITestsLaunchTests.swift */,
			);
			path = HsegmentViewUITests;
			sourceTree = "<group>";
		};
/* End PBXGroup section */

/* Begin PBXNativeTarget section */
		768200EB27BB389000ED642F /* HsegmentView */ = {
			isa = PBXNativeTarget;
			buildConfigurationList = 7682011627BB389500ED642F /* Build configuration list for PBXNativeTarget "HsegmentView" */;
			buildPhases = (
				768200E827BB389000ED642F /* Sources */,
				768200E927BB389000ED642F /* Frameworks */,
				768200EA27BB389000ED642F /* Resources */,
			);
			buildRules = (
			);
			dependencies = (
			);
			name = HsegmentView;
			productName = HsegmentView;
			productReference = 768200EC27BB389000ED642F /* HsegmentView.app */;
			productType = "com.apple.product-type.application";
		};
		7682010127BB389400ED642F /* HsegmentViewTests */ = {
			isa = PBXNativeTarget;
			buildConfigurationList = 7682011927BB389500ED642F /* Build configuration list for PBXNativeTarget "HsegmentViewTests" */;
			buildPhases = (
				768200FE27BB389400ED642F /* Sources */,
				768200FF27BB389400ED642F /* Frameworks */,
				7682010027BB389400ED642F /* Resources */,
			);
			buildRules = (
			);
			dependencies = (
				7682010427BB389400ED642F /* PBXTargetDependency */,
			);
			name = HsegmentViewTests;
			productName = HsegmentViewTests;
			productReference = 7682010227BB389400ED642F /* HsegmentViewTests.xctest */;
			productType = "com.apple.product-type.bundle.unit-test";
		};
		7682010B27BB389500ED642F /* HsegmentViewUITests */ = {
			isa = PBXNativeTarget;
			buildConfigurationList = 7682011C27BB389500ED642F /* Build configuration list for PBXNativeTarget "HsegmentViewUITests" */;
			buildPhases = (
				7682010827BB389500ED642F /* Sources */,
				7682010927BB389500ED642F /* Frameworks */,
				7682010A27BB389500ED642F /* Resources */,
			);
			buildRules = (
			);
			dependencies = (
				7682010E27BB389500ED642F /* PBXTargetDependency */,
			);
			name = HsegmentViewUITests;
			productName = HsegmentViewUITests;
			productReference = 7682010C27BB389500ED642F /* HsegmentViewUITests.xctest */;
			productType = "com.apple.product-type.bundle.ui-testing";
		};
/* End PBXNativeTarget section */

/* Begin PBXProject section */
		768200E427BB389000ED642F /* Project object */ = {
			isa = PBXProject;
			attributes = {
				BuildIndependentTargetsInParallel = 1;
				LastSwiftUpdateCheck = 1320;
				LastUpgradeCheck = 1320;
				TargetAttributes = {
					768200EB27BB389000ED642F = {
						CreatedOnToolsVersion = 13.2.1;
					};
					7682010127BB389400ED642F = {
						CreatedOnToolsVersion = 13.2.1;
						TestTargetID = 768200EB27BB389000ED642F;
					};
					7682010B27BB389500ED642F = {
						CreatedOnToolsVersion = 13.2.1;
						TestTargetID = 768200EB27BB389000ED642F;
					};
				};
			};
			buildConfigurationList = 768200E727BB389000ED642F /* Build configuration list for PBXProject "HsegmentView" */;
			compatibilityVersion = "Xcode 13.0";
			developmentRegion = en;
			hasScannedForEncodings = 0;
			knownRegions = (
				en,
				Base,
			);
			mainGroup = 768200E327BB389000ED642F;
			productRefGroup = 768200ED27BB389000ED642F /* Products */;
			projectDirPath = "";
			projectRoot = "";
			targets = (
				768200EB27BB389000ED642F /* HsegmentView */,
				7682010127BB389400ED642F /* HsegmentViewTests */,
				7682010B27BB389500ED642F /* HsegmentViewUITests */,
			);
		};
/* End PBXProject section */

/* Begin PBXResourcesBuildPhase section */
		768200EA27BB389000ED642F /* Resources */ = {
			isa = PBXResourcesBuildPhase;
			buildActionMask = 2147483647;
			files = (
				768200FC27BB389400ED642F /* LaunchScreen.storyboard in Resources */,
				768200F927BB389400ED642F /* Assets.xcassets in Resources */,
				768200F727BB389000ED642F /* Main.storyboard in Resources */,
			);
			runOnlyForDeploymentPostprocessing = 0;
		};
		7682010027BB389400ED642F /* Resources */ = {
			isa = PBXResourcesBuildPhase;
			buildActionMask = 2147483647;
			files = (
			);
			runOnlyForDeploymentPostprocessing = 0;
		};
		7682010A27BB389500ED642F /* Resources */ = {
			isa = PBXResourcesBuildPhase;
			buildActionMask = 2147483647;
			files = (
			);
			runOnlyForDeploymentPostprocessing = 0;
		};
/* End PBXResourcesBuildPhase section */

/* Begin PBXSourcesBuildPhase section */
		768200E827BB389000ED642F /* Sources */ = {
			isa = PBXSourcesBuildPhase;
			buildActionMask = 2147483647;
			files = (
				768200F427BB389000ED642F /* ViewController.swift in Sources */,
				768200F027BB389000ED642F /* AppDelegate.swift in Sources */,
				768200F227BB389000ED642F /* SceneDelegate.swift in Sources */,
				7682012027BB38D000ED642F /* HsegmentView.swift in Sources */,
			);
			runOnlyForDeploymentPostprocessing = 0;
		};
		768200FE27BB389400ED642F /* Sources */ = {
			isa = PBXSourcesBuildPhase;
			buildActionMask = 2147483647;
			files = (
				7682010727BB389400ED642F /* HsegmentViewTests.swift in Sources */,
			);
			runOnlyForDeploymentPostprocessing = 0;
		};
		7682010827BB389500ED642F /* Sources */ = {
			isa = PBXSourcesBuildPhase;
			buildActionMask = 2147483647;
			files = (
				7682011327BB389500ED642F /* HsegmentViewUITestsLaunchTests.swift in Sources */,
				7682011127BB389500ED642F /* HsegmentViewUITests.swift in Sources */,
			);
			runOnlyForDeploymentPostprocessing = 0;
		};
/* End PBXSourcesBuildPhase section */

/* Begin PBXTargetDependency section */
		7682010427BB389400ED642F /* PBXTargetDependency */ = {
			isa = PBXTargetDependency;
			target = 768200EB27BB389000ED642F /* HsegmentView */;
			targetProxy = 7682010327BB389400ED642F /* PBXContainerItemProxy */;
		};
		7682010E27BB389500ED642F /* PBXTargetDependency */ = {
			isa = PBXTargetDependency;
			target = 768200EB27BB389000ED642F /* HsegmentView */;
			targetProxy = 7682010D27BB389500ED642F /* PBXContainerItemProxy */;
		};
/* End PBXTargetDependency section */

/* Begin PBXVariantGroup section */
		768200F527BB389000ED642F /* Main.storyboard */ = {
			isa = PBXVariantGroup;
			children = (
				768200F627BB389000ED642F /* Base */,
			);
			name = Main.storyboard;
			sourceTree = "<group>";
		};
		768200FA27BB389400ED642F /* LaunchScreen.storyboard */ = {
			isa = PBXVariantGroup;
			children = (
				768200FB27BB389400ED642F /* Base */,
			);
			name = LaunchScreen.storyboard;
			sourceTree = "<group>";
		};
/* End PBXVariantGroup section */

/* Begin XCBuildConfiguration section */
		7682011427BB389500ED642F /* Debug */ = {
			isa = XCBuildConfiguration;
			buildSettings = {
				ALWAYS_SEARCH_USER_PATHS = NO;
				CLANG_ANALYZER_NONNULL = YES;
				CLANG_ANALYZER_NUMBER_OBJECT_CONVERSION = YES_AGGRESSIVE;
				CLANG_CXX_LANGUAGE_STANDARD = "gnu++17";
				CLANG_CXX_LIBRARY = "libc++";
				CLANG_ENABLE_MODULES = YES;
				CLANG_ENABLE_OBJC_ARC = YES;
				CLANG_ENABLE_OBJC_WEAK = YES;
				CLANG_WARN_BLOCK_CAPTURE_AUTORELEASING = YES;
				CLANG_WARN_BOOL_CONVERSION = YES;
				CLANG_WARN_COMMA = YES;
				CLANG_WARN_CONSTANT_CONVERSION = YES;
				CLANG_WARN_DEPRECATED_OBJC_IMPLEMENTATIONS = YES;
				CLANG_WARN_DIRECT_OBJC_ISA_USAGE = YES_ERROR;
				CLANG_WARN_DOCUMENTATION_COMMENTS = YES;
				CLANG_WARN_EMPTY_BODY = YES;
				CLANG_WARN_ENUM_CONVERSION = YES;
				CLANG_WARN_INFINITE_RECURSION = YES;
				CLANG_WARN_INT_CONVERSION = YES;
				CLANG_WARN_NON_LITERAL_NULL_CONVERSION = YES;
				CLANG_WARN_OBJC_IMPLICIT_RETAIN_SELF = YES;
				CLANG_WARN_OBJC_LITERAL_CONVERSION = YES;
				CLANG_WARN_OBJC_ROOT_CLASS = YES_ERROR;
				CLANG_WARN_QUOTED_INCLUDE_IN_FRAMEWORK_HEADER = YES;
				CLANG_WARN_RANGE_LOOP_ANALYSIS = YES;
				CLANG_WARN_STRICT_PROTOTYPES = YES;
				CLANG_WARN_SUSPICIOUS_MOVE = YES;
				CLANG_WARN_UNGUARDED_AVAILABILITY = YES_AGGRESSIVE;
				CLANG_WARN_UNREACHABLE_CODE = YES;
				CLANG_WARN__DUPLICATE_METHOD_MATCH = YES;
				COPY_PHASE_STRIP = NO;
				DEBUG_INFORMATION_FORMAT = dwarf;
				ENABLE_STRICT_OBJC_MSGSEND = YES;
				ENABLE_TESTABILITY = YES;
				GCC_C_LANGUAGE_STANDARD = gnu11;
				GCC_DYNAMIC_NO_PIC = NO;
				GCC_NO_COMMON_BLOCKS = YES;
				GCC_OPTIMIZATION_LEVEL = 0;
				GCC_PREPROCESSOR_DEFINITIONS = (
					"DEBUG=1",
					"$(inherited)",
				);
				GCC_WARN_64_TO_32_BIT_CONVERSION = YES;
				GCC_WARN_ABOUT_RETURN_TYPE = YES_ERROR;
				GCC_WARN_UNDECLARED_SELECTOR = YES;
				GCC_WARN_UNINITIALIZED_AUTOS = YES_AGGRESSIVE;
				GCC_WARN_UNUSED_FUNCTION = YES;
				GCC_WARN_UNUSED_VARIABLE = YES;
				IPHONEOS_DEPLOYMENT_TARGET = 15.2;
				MTL_ENABLE_DEBUG_INFO = INCLUDE_SOURCE;
				MTL_FAST_MATH = YES;
				ONLY_ACTIVE_ARCH = YES;
				SDKROOT = iphoneos;
				SWIFT_ACTIVE_COMPILATION_CONDITIONS = DEBUG;
				SWIFT_OPTIMIZATION_LEVEL = "-Onone";
			};
			name = Debug;
		};
		7682011527BB389500ED642F /* Release */ = {
			isa = XCBuildConfiguration;
			buildSettings = {
				ALWAYS_SEARCH_USER_PATHS = NO;
				CLANG_ANALYZER_NONNULL = YES;
				CLANG_ANALYZER_NUMBER_OBJECT_CONVERSION = YES_AGGRESSIVE;
				CLANG_CXX_LANGUAGE_STANDARD = "gnu++17";
				CLANG_CXX_LIBRARY = "libc++";
				CLANG_ENABLE_MODULES = YES;
				CLANG_ENABLE_OBJC_ARC = YES;
				CLANG_ENABLE_OBJC_WEAK = YES;
				CLANG_WARN_BLOCK_CAPTURE_AUTORELEASING = YES;
				CLANG_WARN_BOOL_CONVERSION = YES;
				CLANG_WARN_COMMA = YES;
				CLANG_WARN_CONSTANT_CONVERSION = YES;
				CLANG_WARN_DEPRECATED_OBJC_IMPLEMENTATIONS = YES;
				CLANG_WARN_DIRECT_OBJC_ISA_USAGE = YES_ERROR;
				CLANG_WARN_DOCUMENTATION_COMMENTS = YES;
				CLANG_WARN_EMPTY_BODY = YES;
				CLANG_WARN_ENUM_CONVERSION = YES;
				CLANG_WARN_INFINITE_RECURSION = YES;
				CLANG_WARN_INT_CONVERSION = YES;
				CLANG_WARN_NON_LITERAL_NULL_CONVERSION = YES;
				CLANG_WARN_OBJC_IMPLICIT_RETAIN_SELF = YES;
				CLANG_WARN_OBJC_LITERAL_CONVERSION = YES;
				CLANG_WARN_OBJC_ROOT_CLASS = YES_ERROR;
				CLANG_WARN_QUOTED_INCLUDE_IN_FRAMEWORK_HEADER = YES;
				CLANG_WARN_RANGE_LOOP_ANALYSIS = YES;
				CLANG_WARN_STRICT_PROTOTYPES = YES;
				CLANG_WARN_SUSPICIOUS_MOVE = YES;
				CLANG_WARN_UNGUARDED_AVAILABILITY = YES_AGGRESSIVE;
				CLANG_WARN_UNREACHABLE_CODE = YES;
				CLANG_WARN__DUPLICATE_METHOD_MATCH = YES;
				COPY_PHASE_STRIP = NO;
				DEBUG_INFORMATION_FORMAT = "dwarf-with-dsym";
				ENABLE_NS_ASSERTIONS = NO;
				ENABLE_STRICT_OBJC_MSGSEND = YES;
				GCC_C_LANGUAGE_STANDARD = gnu11;
				GCC_NO_COMMON_BLOCKS = YES;
				GCC_WARN_64_TO_32_BIT_CONVERSION = YES;
				GCC_WARN_ABOUT_RETURN_TYPE = YES_ERROR;
				GCC_WARN_UNDECLARED_SELECTOR = YES;
				GCC_WARN_UNINITIALIZED_AUTOS = YES_AGGRESSIVE;
				GCC_WARN_UNUSED_FUNCTION = YES;
				GCC_WARN_UNUSED_VARIABLE = YES;
				IPHONEOS_DEPLOYMENT_TARGET = 15.2;
				MTL_ENABLE_DEBUG_INFO = NO;
				MTL_FAST_MATH = YES;
				SDKROOT = iphoneos;
				SWIFT_COMPILATION_MODE = wholemodule;
				SWIFT_OPTIMIZATION_LEVEL = "-O";
				VALIDATE_PRODUCT = YES;
			};
			name = Release;
		};
		7682011727BB389500ED642F /* Debug */ = {
			isa = XCBuildConfiguration;
			buildSettings = {
				ASSETCATALOG_COMPILER_APPICON_NAME = AppIcon;
				ASSETCATALOG_COMPILER_GLOBAL_ACCENT_COLOR_NAME = AccentColor;
				CODE_SIGN_STYLE = Automatic;
				CURRENT_PROJECT_VERSION = 1;
				DEVELOPMENT_TEAM = 4RTJ4EAMCP;
				GENERATE_INFOPLIST_FILE = YES;
				INFOPLIST_FILE = HsegmentView/Info.plist;
				INFOPLIST_KEY_UIApplicationSupportsIndirectInputEvents = YES;
				INFOPLIST_KEY_UILaunchStoryboardName = LaunchScreen;
				INFOPLIST_KEY_UIMainStoryboardFile = Main;
				INFOPLIST_KEY_UISupportedInterfaceOrientations_iPad = "UIInterfaceOrientationPortrait UIInterfaceOrientationPortraitUpsideDown UIInterfaceOrientationLandscapeLeft UIInterfaceOrientationLandscapeRight";
				INFOPLIST_KEY_UISupportedInterfaceOrientations_iPhone = "UIInterfaceOrientationPortrait UIInterfaceOrientationLandscapeLeft UIInterfaceOrientationLandscapeRight";
				LD_RUNPATH_SEARCH_PATHS = (
					"$(inherited)",
					"@executable_path/Frameworks",
				);
				MARKETING_VERSION = 1.0;
				PRODUCT_BUNDLE_IDENTIFIER = com.hbddz.com.HsegmentView;
				PRODUCT_NAME = "$(TARGET_NAME)";
				SWIFT_EMIT_LOC_STRINGS = YES;
				SWIFT_VERSION = 5.0;
				TARGETED_DEVICE_FAMILY = "1,2";
			};
			name = Debug;
		};
		7682011827BB389500ED642F /* Release */ = {
			isa = XCBuildConfiguration;
			buildSettings = {
				ASSETCATALOG_COMPILER_APPICON_NAME = AppIcon;
				ASSETCATALOG_COMPILER_GLOBAL_ACCENT_COLOR_NAME = AccentColor;
				CODE_SIGN_STYLE = Automatic;
				CURRENT_PROJECT_VERSION = 1;
				DEVELOPMENT_TEAM = 4RTJ4EAMCP;
				GENERATE_INFOPLIST_FILE = YES;
				INFOPLIST_FILE = HsegmentView/Info.plist;
				INFOPLIST_KEY_UIApplicationSupportsIndirectInputEvents = YES;
				INFOPLIST_KEY_UILaunchStoryboardName = LaunchScreen;
				INFOPLIST_KEY_UIMainStoryboardFile = Main;
				INFOPLIST_KEY_UISupportedInterfaceOrientations_iPad = "UIInterfaceOrientationPortrait UIInterfaceOrientationPortraitUpsideDown UIInterfaceOrientationLandscapeLeft UIInterfaceOrientationLandscapeRight";
				INFOPLIST_KEY_UISupportedInterfaceOrientations_iPhone = "UIInterfaceOrientationPortrait UIInterfaceOrientationLandscapeLeft UIInterfaceOrientationLandscapeRight";
				LD_RUNPATH_SEARCH_PATHS = (
					"$(inherited)",
					"@executable_path/Frameworks",
				);
				MARKETING_VERSION = 1.0;
				PRODUCT_BUNDLE_IDENTIFIER = com.hbddz.com.HsegmentView;
				PRODUCT_NAME = "$(TARGET_NAME)";
				SWIFT_EMIT_LOC_STRINGS = YES;
				SWIFT_VERSION = 5.0;
				TARGETED_DEVICE_FAMILY = "1,2";
			};
			name = Release;
		};
		7682011A27BB389500ED642F /* Debug */ = {
			isa = XCBuildConfiguration;
			buildSettings = {
				ALWAYS_EMBED_SWIFT_STANDARD_LIBRARIES = YES;
				BUNDLE_LOADER = "$(TEST_HOST)";
				CODE_SIGN_STYLE = Automatic;
				CURRENT_PROJECT_VERSION = 1;
				DEVELOPMENT_TEAM = 4RTJ4EAMCP;
				GENERATE_INFOPLIST_FILE = YES;
				IPHONEOS_DEPLOYMENT_TARGET = 15.2;
				MARKETING_VERSION = 1.0;
				PRODUCT_BUNDLE_IDENTIFIER = com.hbddz.com.HsegmentViewTests;
				PRODUCT_NAME = "$(TARGET_NAME)";
				SWIFT_EMIT_LOC_STRINGS = NO;
				SWIFT_VERSION = 5.0;
				TARGETED_DEVICE_FAMILY = "1,2";
				TEST_HOST = "$(BUILT_PRODUCTS_DIR)/HsegmentView.app/HsegmentView";
			};
			name = Debug;
		};
		7682011B27BB389500ED642F /* Release */ = {
			isa = XCBuildConfiguration;
			buildSettings = {
				ALWAYS_EMBED_SWIFT_STANDARD_LIBRARIES = YES;
				BUNDLE_LOADER = "$(TEST_HOST)";
				CODE_SIGN_STYLE = Automatic;
				CURRENT_PROJECT_VERSION = 1;
				DEVELOPMENT_TEAM = 4RTJ4EAMCP;
				GENERATE_INFOPLIST_FILE = YES;
				IPHONEOS_DEPLOYMENT_TARGET = 15.2;
				MARKETING_VERSION = 1.0;
				PRODUCT_BUNDLE_IDENTIFIER = com.hbddz.com.HsegmentViewTests;
				PRODUCT_NAME = "$(TARGET_NAME)";
				SWIFT_EMIT_LOC_STRINGS = NO;
				SWIFT_VERSION = 5.0;
				TARGETED_DEVICE_FAMILY = "1,2";
				TEST_HOST = "$(BUILT_PRODUCTS_DIR)/HsegmentView.app/HsegmentView";
			};
			name = Release;
		};
		7682011D27BB389500ED642F /* Debug */ = {
			isa = XCBuildConfiguration;
			buildSettings = {
				ALWAYS_EMBED_SWIFT_STANDARD_LIBRARIES = YES;
				CODE_SIGN_STYLE = Automatic;
				CURRENT_PROJECT_VERSION = 1;
				DEVELOPMENT_TEAM = 4RTJ4EAMCP;
				GENERATE_INFOPLIST_FILE = YES;
				MARKETING_VERSION = 1.0;
				PRODUCT_BUNDLE_IDENTIFIER = com.hbddz.com.HsegmentViewUITests;
				PRODUCT_NAME = "$(TARGET_NAME)";
				SWIFT_EMIT_LOC_STRINGS = NO;
				SWIFT_VERSION = 5.0;
				TARGETED_DEVICE_FAMILY = "1,2";
				TEST_TARGET_NAME = HsegmentView;
			};
			name = Debug;
		};
		7682011E27BB389500ED642F /* Release */ = {
			isa = XCBuildConfiguration;
			buildSettings = {
				ALWAYS_EMBED_SWIFT_STANDARD_LIBRARIES = YES;
				CODE_SIGN_STYLE = Automatic;
				CURRENT_PROJECT_VERSION = 1;
				DEVELOPMENT_TEAM = 4RTJ4EAMCP;
				GENERATE_INFOPLIST_FILE = YES;
				MARKETING_VERSION = 1.0;
				PRODUCT_BUNDLE_IDENTIFIER = com.hbddz.com.HsegmentViewUITests;
				PRODUCT_NAME = "$(TARGET_NAME)";
				SWIFT_EMIT_LOC_STRINGS = NO;
				SWIFT_VERSION = 5.0;
				TARGETED_DEVICE_FAMILY = "1,2";
				TEST_TARGET_NAME = HsegmentView;
			};
			name = Release;
		};
/* End XCBuildConfiguration section */

/* Begin XCConfigurationList section */
		768200E727BB389000ED642F /* Build configuration list for PBXProject "HsegmentView" */ = {
			isa = XCConfigurationList;
			buildConfigurations = (
				7682011427BB389500ED642F /* Debug */,
				7682011527BB389500ED642F /* Release */,
			);
			defaultConfigurationIsVisible = 0;
			defaultConfigurationName = Release;
		};
		7682011627BB389500ED642F /* Build configuration list for PBXNativeTarget "HsegmentView" */ = {
			isa = XCConfigurationList;
			buildConfigurations = (
				7682011727BB389500ED642F /* Debug */,
				7682011827BB389500ED642F /* Release */,
			);
			defaultConfigurationIsVisible = 0;
			defaultConfigurationName = Release;
		};
		7682011927BB389500ED642F /* Build configuration list for PBXNativeTarget "HsegmentViewTests" */ = {
			isa = XCConfigurationList;
			buildConfigurations = (
				7682011A27BB389500ED642F /* Debug */,
				7682011B27BB389500ED642F /* Release */,
			);
			defaultConfigurationIsVisible = 0;
			defaultConfigurationName = Release;
		};
		7682011C27BB389500ED642F /* Build configuration list for PBXNativeTarget "HsegmentViewUITests" */ = {
			isa = XCConfigurationList;
			buildConfigurations = (
				7682011D27BB389500ED642F /* Debug */,
				7682011E27BB389500ED642F /* Release */,
			);
			defaultConfigurationIsVisible = 0;
			defaultConfigurationName = Release;
		};
/* End XCConfigurationList section */
	};
	rootObject = 768200E427BB389000ED642F /* Project object */;
}
